// !$*UTF8*$!
{
	archiveVersion = 1;
	classes = {
	};
	objectVersion = 50;
	objects = {

/* Begin PBXBuildFile section */
		8287D6C521E8020A000AC109 /* ViewController.swift in Sources */ = {isa = PBXBuildFile; fileRef = 8287D6C421E8020A000AC109 /* ViewController.swift */; };
		E767DF2621E7DB3A0045604E /* AppDelegate.swift in Sources */ = {isa = PBXBuildFile; fileRef = E767DF2521E7DB3A0045604E /* AppDelegate.swift */; };
		E767DF2B21E7DB3A0045604E /* Main.storyboard in Resources */ = {isa = PBXBuildFile; fileRef = E767DF2921E7DB3A0045604E /* Main.storyboard */; };
		E767DF2D21E7DB3B0045604E /* Assets.xcassets in Resources */ = {isa = PBXBuildFile; fileRef = E767DF2C21E7DB3B0045604E /* Assets.xcassets */; };
		E767DF3021E7DB3B0045604E /* LaunchScreen.storyboard in Resources */ = {isa = PBXBuildFile; fileRef = E767DF2E21E7DB3B0045604E /* LaunchScreen.storyboard */; };
		E767DF3821E7DD0A0045604E /* Model.swift in Sources */ = {isa = PBXBuildFile; fileRef = E767DF3721E7DD0A0045604E /* Model.swift */; };
/* End PBXBuildFile section */

/* Begin PBXFileReference section */
		8287D6C421E8020A000AC109 /* ViewController.swift */ = {isa = PBXFileReference; lastKnownFileType = sourcecode.swift; path = ViewController.swift; sourceTree = "<group>"; };
		E767DF2221E7DB3A0045604E /* Tabled.app */ = {isa = PBXFileReference; explicitFileType = wrapper.application; includeInIndex = 0; path = Tabled.app; sourceTree = BUILT_PRODUCTS_DIR; };
		E767DF2521E7DB3A0045604E /* AppDelegate.swift */ = {isa = PBXFileReference; lastKnownFileType = sourcecode.swift; path = AppDelegate.swift; sourceTree = "<group>"; };
		E767DF2A21E7DB3A0045604E /* Base */ = {isa = PBXFileReference; lastKnownFileType = file.storyboard; name = Base; path = Base.lproj/Main.storyboard; sourceTree = "<group>"; };
		E767DF2C21E7DB3B0045604E /* Assets.xcassets */ = {isa = PBXFileReference; lastKnownFileType = folder.assetcatalog; path = Assets.xcassets; sourceTree = "<group>"; };
		E767DF2F21E7DB3B0045604E /* Base */ = {isa = PBXFileReference; lastKnownFileType = file.storyboard; name = Base; path = Base.lproj/LaunchScreen.storyboard; sourceTree = "<group>"; };
		E767DF3121E7DB3B0045604E /* Info.plist */ = {isa = PBXFileReference; lastKnownFileType = text.plist.xml; path = Info.plist; sourceTree = "<group>"; };
		E767DF3721E7DD0A0045604E /* Model.swift */ = {isa = PBXFileReference; lastKnownFileType = sourcecode.swift; path = Model.swift; sourceTree = "<group>"; };
/* End PBXFileReference section */

/* Begin PBXFrameworksBuildPhase section */
		E767DF1F21E7DB3A0045604E /* Frameworks */ = {
			isa = PBXFrameworksBuildPhase;
			buildActionMask = 2147483647;
			files = (
			);
			runOnlyForDeploymentPostprocessing = 0;
		};
/* End PBXFrameworksBuildPhase section */

/* Begin PBXGroup section */
		E767DF1921E7DB3A0045604E = {
			isa = PBXGroup;
			children = (
				E767DF2421E7DB3A0045604E /* Tabled */,
				E767DF2321E7DB3A0045604E /* Products */,
			);
			sourceTree = "<group>";
		};
		E767DF2321E7DB3A0045604E /* Products */ = {
			isa = PBXGroup;
			children = (
				E767DF2221E7DB3A0045604E /* Tabled.app */,
			);
			name = Products;
			sourceTree = "<group>";
		};
		E767DF2421E7DB3A0045604E /* Tabled */ = {
			isa = PBXGroup;
			children = (
				E767DF2521E7DB3A0045604E /* AppDelegate.swift */,
				8287D6C421E8020A000AC109 /* ViewController.swift */,
				E767DF2921E7DB3A0045604E /* Main.storyboard */,
				E767DF2C21E7DB3B0045604E /* Assets.xcassets */,
				E767DF2E21E7DB3B0045604E /* LaunchScreen.storyboard */,
				E767DF3121E7DB3B0045604E /* Info.plist */,
				E767DF3721E7DD0A0045604E /* Model.swift */,
			);
			path = Tabled;
			sourceTree = "<group>";
		};
/* End PBXGroup section */

/* Begin PBXNativeTarget section */
		E767DF2121E7DB3A0045604E /* Tabled */ = {
			isa = PBXNativeTarget;
			buildConfigurationList = E767DF3421E7DB3B0045604E /* Build configuration list for PBXNativeTarget "Tabled" */;
			buildPhases = (
				E767DF1E21E7DB3A0045604E /* Sources */,
				E767DF1F21E7DB3A0045604E /* Frameworks */,
				E767DF2021E7DB3A0045604E /* Resources */,
			);
			buildRules = (
			);
			dependencies = (
			);
			name = Tabled;
			productName = Tabled;
			productReference = E767DF2221E7DB3A0045604E /* Tabled.app */;
			productType = "com.apple.product-type.application";
		};
/* End PBXNativeTarget section */

/* Begin PBXProject section */
		E767DF1A21E7DB3A0045604E /* Project object */ = {
			isa = PBXProject;
			attributes = {
				LastSwiftUpdateCheck = 1010;
				LastUpgradeCheck = 1010;
				ORGANIZATIONNAME = "Cameron Dunn";
				TargetAttributes = {
					E767DF2121E7DB3A0045604E = {
						CreatedOnToolsVersion = 10.1;
					};
				};
			};
			buildConfigurationList = E767DF1D21E7DB3A0045604E /* Build configuration list for PBXProject "Tabled" */;
			compatibilityVersion = "Xcode 9.3";
			developmentRegion = en;
			hasScannedForEncodings = 0;
			knownRegions = (
				en,
				Base,
			);
			mainGroup = E767DF1921E7DB3A0045604E;
			productRefGroup = E767DF2321E7DB3A0045604E /* Products */;
			projectDirPath = "";
			projectRoot = "";
			targets = (
				E767DF2121E7DB3A0045604E /* Tabled */,
			);
		};
/* End PBXProject section */

/* Begin PBXResourcesBuildPhase section */
		E767DF2021E7DB3A0045604E /* Resources */ = {
			isa = PBXResourcesBuildPhase;
			buildActionMask = 2147483647;
			files = (
				E767DF3021E7DB3B0045604E /* LaunchScreen.storyboard in Resources */,
				E767DF2D21E7DB3B0045604E /* Assets.xcassets in Resources */,
				E767DF2B21E7DB3A0045604E /* Main.storyboard in Resources */,
			);
			runOnlyForDeploymentPostprocessing = 0;
		};
/* End PBXResourcesBuildPhase section */

/* Begin PBXSourcesBuildPhase section */
		E767DF1E21E7DB3A0045604E /* Sources */ = {
			isa = PBXSourcesBuildPhase;
			buildActionMask = 2147483647;
			files = (
				E767DF3821E7DD0A0045604E /* Model.swift in Sources */,
				8287D6C521E8020A000AC109 /* ViewController.swift in Sources */,
				E767DF2621E7DB3A0045604E /* AppDelegate.swift in Sources */,
			);
			runOnlyForDeploymentPostprocessing = 0;
		};
/* End PBXSourcesBuildPhase section */

/* Begin PBXVariantGroup section */
		E767DF2921E7DB3A0045604E /* Main.storyboard */ = {
			isa = PBXVariantGroup;
			children = (
				E767DF2A21E7DB3A0045604E /* Base */,
			);
			name = Main.storyboard;
			sourceTree = "<group>";
		};
		E767DF2E21E7DB3B0045604E /* LaunchScreen.storyboard */ = {
			isa = PBXVariantGroup;
			children = (
				E767DF2F21E7DB3B0045604E /* Base */,
			);
			name = LaunchScreen.storyboard;
			sourceTree = "<group>";
		};
/* End PBXVariantGroup section */

/* Begin XCBuildConfiguration section */
		E767DF3221E7DB3B0045604E /* Debug */ = {
			isa = XCBuildConfiguration;
			buildSettings = {
				ALWAYS_SEARCH_USER_PATHS = NO;
				CLANG_ANALYZER_NONNULL = YES;
				CLANG_ANALYZER_NUMBER_OBJECT_CONVERSION = YES_AGGRESSIVE;
				CLANG_CXX_LANGUAGE_STANDARD = "gnu++14";
				CLANG_CXX_LIBRARY = "libc++";
				CLANG_ENABLE_MODULES = YES;
				CLANG_ENABLE_OBJC_ARC = YES;
				CLANG_ENABLE_OBJC_WEAK = YES;
				CLANG_WARN_BLOCK_CAPTURE_AUTORELEASING = YES;
				CLANG_WARN_BOOL_CONVERSION = YES;
				CLANG_WARN_COMMA = YES;
				CLANG_WARN_CONSTANT_CONVERSION = YES;
				CLANG_WARN_DEPRECATED_OBJC_IMPLEMENTATIONS = YES;
				CLANG_WARN_DIRECT_OBJC_ISA_USAGE = YES_ERROR;
				CLANG_WARN_DOCUMENTATION_COMMENTS = YES;
				CLANG_WARN_EMPTY_BODY = YES;
				CLANG_WARN_ENUM_CONVERSION = YES;
				CLANG_WARN_INFINITE_RECURSION = YES;
				CLANG_WARN_INT_CONVERSION = YES;
				CLANG_WARN_NON_LITERAL_NULL_CONVERSION = YES;
				CLANG_WARN_OBJC_IMPLICIT_RETAIN_SELF = YES;
				CLANG_WARN_OBJC_LITERAL_CONVERSION = YES;
				CLANG_WARN_OBJC_ROOT_CLASS = YES_ERROR;
				CLANG_WARN_RANGE_LOOP_ANALYSIS = YES;
				CLANG_WARN_STRICT_PROTOTYPES = YES;
				CLANG_WARN_SUSPICIOUS_MOVE = YES;
				CLANG_WARN_UNGUARDED_AVAILABILITY = YES_AGGRESSIVE;
				CLANG_WARN_UNREACHABLE_CODE = YES;
				CLANG_WARN__DUPLICATE_METHOD_MATCH = YES;
				CODE_SIGN_IDENTITY = "iPhone Developer";
				COPY_PHASE_STRIP = NO;
				DEBUG_INFORMATION_FORMAT = dwarf;
				ENABLE_STRICT_OBJC_MSGSEND = YES;
				ENABLE_TESTABILITY = YES;
				GCC_C_LANGUAGE_STANDARD = gnu11;
				GCC_DYNAMIC_NO_PIC = NO;
				GCC_NO_COMMON_BLOCKS = YES;
				GCC_OPTIMIZATION_LEVEL = 0;
				GCC_PREPROCESSOR_DEFINITIONS = (
					"DEBUG=1",
					"$(inherited)",
				);
				GCC_WARN_64_TO_32_BIT_CONVERSION = YES;
				GCC_WARN_ABOUT_RETURN_TYPE = YES_ERROR;
				GCC_WARN_UNDECLARED_SELECTOR = YES;
				GCC_WARN_UNINITIALIZED_AUTOS = YES_AGGRESSIVE;
				GCC_WARN_UNUSED_FUNCTION = YES;
				GCC_WARN_UNUSED_VARIABLE = YES;
				IPHONEOS_DEPLOYMENT_TARGET = 12.1;
				MTL_ENABLE_DEBUG_INFO = INCLUDE_SOURCE;
				MTL_FAST_MATH = YES;
				ONLY_ACTIVE_ARCH = YES;
				SDKROOT = iphoneos;
				SWIFT_ACTIVE_COMPILATION_CONDITIONS = DEBUG;
				SWIFT_OPTIMIZATION_LEVEL = "-Onone";
			};
			name = Debug;
		};
		E767DF3321E7DB3B0045604E /* Release */ = {
			isa = XCBuildConfiguration;
			buildSettings = {
				ALWAYS_SEARCH_USER_PATHS = NO;
				CLANG_ANALYZER_NONNULL = YES;
				CLANG_ANALYZER_NUMBER_OBJECT_CONVERSION = YES_AGGRESSIVE;
				CLANG_CXX_LANGUAGE_STANDARD = "gnu++14";
				CLANG_CXX_LIBRARY = "libc++";
				CLANG_ENABLE_MODULES = YES;
				CLANG_ENABLE_OBJC_ARC = YES;
				CLANG_ENABLE_OBJC_WEAK = YES;
				CLANG_WARN_BLOCK_CAPTURE_AUTORELEASING = YES;
				CLANG_WARN_BOOL_CONVERSION = YES;
				CLANG_WARN_COMMA = YES;
				CLANG_WARN_CONSTANT_CONVERSION = YES;
				CLANG_WARN_DEPRECATED_OBJC_IMPLEMENTATIONS = YES;
				CLANG_WARN_DIRECT_OBJC_ISA_USAGE = YES_ERROR;
				CLANG_WARN_DOCUMENTATION_COMMENTS = YES;
				CLANG_WARN_EMPTY_BODY = YES;
				CLANG_WARN_ENUM_CONVERSION = YES;
				CLANG_WARN_INFINITE_RECURSION = YES;
				CLANG_WARN_INT_CONVERSION = YES;
				CLANG_WARN_NON_LITERAL_NULL_CONVERSION = YES;
				CLANG_WARN_OBJC_IMPLICIT_RETAIN_SELF = YES;
				CLANG_WARN_OBJC_LITERAL_CONVERSION = YES;
				CLANG_WARN_OBJC_ROOT_CLASS = YES_ERROR;
				CLANG_WARN_RANGE_LOOP_ANALYSIS = YES;
				CLANG_WARN_STRICT_PROTOTYPES = YES;
				CLANG_WARN_SUSPICIOUS_MOVE = YES;
				CLANG_WARN_UNGUARDED_AVAILABILITY = YES_AGGRESSIVE;
				CLANG_WARN_UNREACHABLE_CODE = YES;
				CLANG_WARN__DUPLICATE_METHOD_MATCH = YES;
				CODE_SIGN_IDENTITY = "iPhone Developer";
				COPY_PHASE_STRIP = NO;
				DEBUG_INFORMATION_FORMAT = "dwarf-with-dsym";
				ENABLE_NS_ASSERTIONS = NO;
				ENABLE_STRICT_OBJC_MSGSEND = YES;
				GCC_C_LANGUAGE_STANDARD = gnu11;
				GCC_NO_COMMON_BLOCKS = YES;
				GCC_WARN_64_TO_32_BIT_CONVERSION = YES;
				GCC_WARN_ABOUT_RETURN_TYPE = YES_ERROR;
				GCC_WARN_UNDECLARED_SELECTOR = YES;
				GCC_WARN_UNINITIALIZED_AUTOS = YES_AGGRESSIVE;
				GCC_WARN_UNUSED_FUNCTION = YES;
				GCC_WARN_UNUSED_VARIABLE = YES;
				IPHONEOS_DEPLOYMENT_TARGET = 12.1;
				MTL_ENABLE_DEBUG_INFO = NO;
				MTL_FAST_MATH = YES;
				SDKROOT = iphoneos;
				SWIFT_COMPILATION_MODE = wholemodule;
				SWIFT_OPTIMIZATION_LEVEL = "-O";
				VALIDATE_PRODUCT = YES;
			};
			name = Release;
		};
		E767DF3521E7DB3B0045604E /* Debug */ = {
			isa = XCBuildConfiguration;
			buildSettings = {
				ASSETCATALOG_COMPILER_APPICON_NAME = AppIcon;
				CODE_SIGN_STYLE = Automatic;
				DEVELOPMENT_TEAM = TZ89Q545VW;
				INFOPLIST_FILE = Tabled/Info.plist;
				LD_RUNPATH_SEARCH_PATHS = (
					"$(inherited)",
					"@executable_path/Frameworks",
				);
				PRODUCT_BUNDLE_IDENTIFIER = CameronDunn.Tabled;
				PRODUCT_NAME = "$(TARGET_NAME)";
				SWIFT_VERSION = 4.2;
				TARGETED_DEVICE_FAMILY = "1,2";
			};
			name = Debug;
		};
		E767DF3621E7DB3B0045604E /* Release */ = {
			isa = XCBuildConfiguration;
			buildSettings = {
				ASSETCATALOG_COMPILER_APPICON_NAME = AppIcon;
				CODE_SIGN_STYLE = Automatic;
				DEVELOPMENT_TEAM = TZ89Q545VW;
				INFOPLIST_FILE = Tabled/Info.plist;
				LD_RUNPATH_SEARCH_PATHS = (
					"$(inherited)",
					"@executable_path/Frameworks",
				);
				PRODUCT_BUNDLE_IDENTIFIER = CameronDunn.Tabled;
				PRODUCT_NAME = "$(TARGET_NAME)";
				SWIFT_VERSION = 4.2;
				TARGETED_DEVICE_FAMILY = "1,2";
			};
			name = Release;
		};
/* End XCBuildConfiguration section */

/* Begin XCConfigurationList section */
		E767DF1D21E7DB3A0045604E /* Build configuration list for PBXProject "Tabled" */ = {
			isa = XCConfigurationList;
			buildConfigurations = (
				E767DF3221E7DB3B0045604E /* Debug */,
				E767DF3321E7DB3B0045604E /* Release */,
			);
			defaultConfigurationIsVisible = 0;
			defaultConfigurationName = Release;
		};
		E767DF3421E7DB3B0045604E /* Build configuration list for PBXNativeTarget "Tabled" */ = {
			isa = XCConfigurationList;
			buildConfigurations = (
				E767DF3521E7DB3B0045604E /* Debug */,
				E767DF3621E7DB3B0045604E /* Release */,
			);
			defaultConfigurationIsVisible = 0;
			defaultConfigurationName = Release;
		};
/* End XCConfigurationList section */
	};
	rootObject = E767DF1A21E7DB3A0045604E /* Project object */;
}
